
Microsoft Visual Studio Solution File, Format Version 12.00
# Visual Studio Version 16
VisualStudioVersion = 16.0.31624.102
MinimumVisualStudioVersion = 10.0.40219.1
Project("{FAE04EC0-301F-11D3-BF4B-00C04F79EFBC}") = "WebApi_Demo_EF", "WebApi_Demo_EF\WebApi_Demo_EF.csproj", "{9EED18F2-EB1E-4907-8AAC-23F00A338E92}"
EndProject
Project("{FAE04EC0-301F-11D3-BF4B-00C04F79EFBC}") = "DataAccess", "DataAccess\DataAccess.csproj", "{8DA8CBF8-D62D-44C6-B1BE-5C76D3165204}"
EndProject
Global
	GlobalSection(SolutionConfigurationPlatforms) = preSolution
		Debug|Any CPU = Debug|Any CPU
		Release|Any CPU = Release|Any CPU
	EndGlobalSection
	GlobalSection(ProjectConfigurationPlatforms) = postSolution
		{9EED18F2-EB1E-4907-8AAC-23F00A338E92}.Debug|Any CPU.ActiveCfg = Debug|Any CPU
		{9EED18F2-EB1E-4907-8AAC-23F00A338E92}.Debug|Any CPU.Build.0 = Debug|Any CPU
		{9EED18F2-EB1E-4907-8AAC-23F00A338E92}.Release|Any CPU.ActiveCfg = Release|Any CPU
		{9EED18F2-EB1E-4907-8AAC-23F00A338E92}.Release|Any CPU.Build.0 = Release|Any CPU
		{8DA8CBF8-D62D-44C6-B1BE-5C76D3165204}.Debug|Any CPU.ActiveCfg = Debug|Any CPU
		{8DA8CBF8-D62D-44C6-B1BE-5C76D3165204}.Debug|Any CPU.Build.0 = Debug|Any CPU
		{8DA8CBF8-D62D-44C6-B1BE-5C76D3165204}.Release|Any CPU.ActiveCfg = Release|Any CPU
		{8DA8CBF8-D62D-44C6-B1BE-5C76D3165204}.Release|Any CPU.Build.0 = Release|Any CPU
	EndGlobalSection
	GlobalSection(SolutionProperties) = preSolution
		HideSolutionNode = FALSE
	EndGlobalSection
	GlobalSection(ExtensibilityGlobals) = postSolution
		SolutionGuid = {0C51C919-119A-4998-A574-76701A5E8E53}
	EndGlobalSection
EndGlobal
